
Microsoft Visual Studio Solution File, Format Version 12.00
# Visual Studio Version 16
VisualStudioVersion = 16.6.30114.105
MinimumVisualStudioVersion = 10.0.40219.1
Project("{FAE04EC0-301F-11D3-BF4B-00C04F79EFBC}") = "API", "API\API.csproj", "{5390741C-202A-402C-9958-9B99166BB8A7}"
EndProject
Project("{FAE04EC0-301F-11D3-BF4B-00C04F79EFBC}") = "Application", "Application\Application.csproj", "{8525340D-A9C1-4408-B8EE-4065A6341950}"
EndProject
Project("{FAE04EC0-301F-11D3-BF4B-00C04F79EFBC}") = "Persistence", "Persistence\Persistence.csproj", "{8EFF3B70-1354-471B-B242-AE3D42E4B1E9}"
EndProject
Project("{FAE04EC0-301F-11D3-BF4B-00C04F79EFBC}") = "Domain", "Domain\Domain.csproj", "{BF43644A-BCCF-488C-8287-368D0112F685}"
EndProject
Global
	GlobalSection(SolutionConfigurationPlatforms) = preSolution
		Debug|Any CPU = Debug|Any CPU
		Debug|x64 = Debug|x64
		Debug|x86 = Debug|x86
		Release|Any CPU = Release|Any CPU
		Release|x64 = Release|x64
		Release|x86 = Release|x86
	EndGlobalSection
	GlobalSection(SolutionProperties) = preSolution
		HideSolutionNode = FALSE
	EndGlobalSection
	GlobalSection(ProjectConfigurationPlatforms) = postSolution
		{5390741C-202A-402C-9958-9B99166BB8A7}.Debug|Any CPU.ActiveCfg = Debug|Any CPU
		{5390741C-202A-402C-9958-9B99166BB8A7}.Debug|Any CPU.Build.0 = Debug|Any CPU
		{5390741C-202A-402C-9958-9B99166BB8A7}.Debug|x64.ActiveCfg = Debug|Any CPU
		{5390741C-202A-402C-9958-9B99166BB8A7}.Debug|x64.Build.0 = Debug|Any CPU
		{5390741C-202A-402C-9958-9B99166BB8A7}.Debug|x86.ActiveCfg = Debug|Any CPU
		{5390741C-202A-402C-9958-9B99166BB8A7}.Debug|x86.Build.0 = Debug|Any CPU
		{5390741C-202A-402C-9958-9B99166BB8A7}.Release|Any CPU.ActiveCfg = Release|Any CPU
		{5390741C-202A-402C-9958-9B99166BB8A7}.Release|Any CPU.Build.0 = Release|Any CPU
		{5390741C-202A-402C-9958-9B99166BB8A7}.Release|x64.ActiveCfg = Release|Any CPU
		{5390741C-202A-402C-9958-9B99166BB8A7}.Release|x64.Build.0 = Release|Any CPU
		{5390741C-202A-402C-9958-9B99166BB8A7}.Release|x86.ActiveCfg = Release|Any CPU
		{5390741C-202A-402C-9958-9B99166BB8A7}.Release|x86.Build.0 = Release|Any CPU
		{8525340D-A9C1-4408-B8EE-4065A6341950}.Debug|Any CPU.ActiveCfg = Debug|Any CPU
		{8525340D-A9C1-4408-B8EE-4065A6341950}.Debug|Any CPU.Build.0 = Debug|Any CPU
		{8525340D-A9C1-4408-B8EE-4065A6341950}.Debug|x64.ActiveCfg = Debug|Any CPU
		{8525340D-A9C1-4408-B8EE-4065A6341950}.Debug|x64.Build.0 = Debug|Any CPU
		{8525340D-A9C1-4408-B8EE-4065A6341950}.Debug|x86.ActiveCfg = Debug|Any CPU
		{8525340D-A9C1-4408-B8EE-4065A6341950}.Debug|x86.Build.0 = Debug|Any CPU
		{8525340D-A9C1-4408-B8EE-4065A6341950}.Release|Any CPU.ActiveCfg = Release|Any CPU
		{8525340D-A9C1-4408-B8EE-4065A6341950}.Release|Any CPU.Build.0 = Release|Any CPU
		{8525340D-A9C1-4408-B8EE-4065A6341950}.Release|x64.ActiveCfg = Release|Any CPU
		{8525340D-A9C1-4408-B8EE-4065A6341950}.Release|x64.Build.0 = Release|Any CPU
		{8525340D-A9C1-4408-B8EE-4065A6341950}.Release|x86.ActiveCfg = Release|Any CPU
		{8525340D-A9C1-4408-B8EE-4065A6341950}.Release|x86.Build.0 = Release|Any CPU
		{8EFF3B70-1354-471B-B242-AE3D42E4B1E9}.Debug|Any CPU.ActiveCfg = Debug|Any CPU
		{8EFF3B70-1354-471B-B242-AE3D42E4B1E9}.Debug|Any CPU.Build.0 = Debug|Any CPU
		{8EFF3B70-1354-471B-B242-AE3D42E4B1E9}.Debug|x64.ActiveCfg = Debug|Any CPU
		{8EFF3B70-1354-471B-B242-AE3D42E4B1E9}.Debug|x64.Build.0 = Debug|Any CPU
		{8EFF3B70-1354-471B-B242-AE3D42E4B1E9}.Debug|x86.ActiveCfg = Debug|Any CPU
		{8EFF3B70-1354-471B-B242-AE3D42E4B1E9}.Debug|x86.Build.0 = Debug|Any CPU
		{8EFF3B70-1354-471B-B242-AE3D42E4B1E9}.Release|Any CPU.ActiveCfg = Release|Any CPU
		{8EFF3B70-1354-471B-B242-AE3D42E4B1E9}.Release|Any CPU.Build.0 = Release|Any CPU
		{8EFF3B70-1354-471B-B242-AE3D42E4B1E9}.Release|x64.ActiveCfg = Release|Any CPU
		{8EFF3B70-1354-471B-B242-AE3D42E4B1E9}.Release|x64.Build.0 = Release|Any CPU
		{8EFF3B70-1354-471B-B242-AE3D42E4B1E9}.Release|x86.ActiveCfg = Release|Any CPU
		{8EFF3B70-1354-471B-B242-AE3D42E4B1E9}.Release|x86.Build.0 = Release|Any CPU
		{BF43644A-BCCF-488C-8287-368D0112F685}.Debug|Any CPU.ActiveCfg = Debug|Any CPU
		{BF43644A-BCCF-488C-8287-368D0112F685}.Debug|Any CPU.Build.0 = Debug|Any CPU
		{BF43644A-BCCF-488C-8287-368D0112F685}.Debug|x64.ActiveCfg = Debug|Any CPU
		{BF43644A-BCCF-488C-8287-368D0112F685}.Debug|x64.Build.0 = Debug|Any CPU
		{BF43644A-BCCF-488C-8287-368D0112F685}.Debug|x86.ActiveCfg = Debug|Any CPU
		{BF43644A-BCCF-488C-8287-368D0112F685}.Debug|x86.Build.0 = Debug|Any CPU
		{BF43644A-BCCF-488C-8287-368D0112F685}.Release|Any CPU.ActiveCfg = Release|Any CPU
		{BF43644A-BCCF-488C-8287-368D0112F685}.Release|Any CPU.Build.0 = Release|Any CPU
		{BF43644A-BCCF-488C-8287-368D0112F685}.Release|x64.ActiveCfg = Release|Any CPU
		{BF43644A-BCCF-488C-8287-368D0112F685}.Release|x64.Build.0 = Release|Any CPU
		{BF43644A-BCCF-488C-8287-368D0112F685}.Release|x86.ActiveCfg = Release|Any CPU
		{BF43644A-BCCF-488C-8287-368D0112F685}.Release|x86.Build.0 = Release|Any CPU
	EndGlobalSection
EndGlobal
